
Microsoft Visual Studio Solution File, Format Version 12.00
# Visual Studio 15
VisualStudioVersion = 15.0.27703.2035
MinimumVisualStudioVersion = 10.0.40219.1
Project("{FAE04EC0-301F-11D3-BF4B-00C04F79EFBC}") = "PooVuelingXunit", "PooVuelingXunit\PooVuelingXunit.csproj", "{4E782E13-5528-480A-8266-8D0204FA8A7C}"
EndProject
Project("{FAE04EC0-301F-11D3-BF4B-00C04F79EFBC}") = "PooVuelingXunit.Integration.Tests", "PooVuelingXunit.Integration.Tests\PooVuelingXunit.Integration.Tests.csproj", "{79B0FA7B-698F-4C6E-AF50-3CDD3450F3CB}"
EndProject
Project("{FAE04EC0-301F-11D3-BF4B-00C04F79EFBC}") = "PooVuelingXunit.Nmock3.Unit.Tests", "PooVuelingXunit.Nmock3.Unit.Tests\PooVuelingXunit.Nmock3.Unit.Tests.csproj", "{3B16C19C-4B3A-45F3-97E4-8130641DE4AF}"
EndProject
Global
	GlobalSection(SolutionConfigurationPlatforms) = preSolution
		Debug|Any CPU = Debug|Any CPU
		Release|Any CPU = Release|Any CPU
	EndGlobalSection
	GlobalSection(ProjectConfigurationPlatforms) = postSolution
		{4E782E13-5528-480A-8266-8D0204FA8A7C}.Debug|Any CPU.ActiveCfg = Debug|Any CPU
		{4E782E13-5528-480A-8266-8D0204FA8A7C}.Debug|Any CPU.Build.0 = Debug|Any CPU
		{4E782E13-5528-480A-8266-8D0204FA8A7C}.Release|Any CPU.ActiveCfg = Release|Any CPU
		{4E782E13-5528-480A-8266-8D0204FA8A7C}.Release|Any CPU.Build.0 = Release|Any CPU
		{79B0FA7B-698F-4C6E-AF50-3CDD3450F3CB}.Debug|Any CPU.ActiveCfg = Debug|Any CPU
		{79B0FA7B-698F-4C6E-AF50-3CDD3450F3CB}.Debug|Any CPU.Build.0 = Debug|Any CPU
		{79B0FA7B-698F-4C6E-AF50-3CDD3450F3CB}.Release|Any CPU.ActiveCfg = Release|Any CPU
		{79B0FA7B-698F-4C6E-AF50-3CDD3450F3CB}.Release|Any CPU.Build.0 = Release|Any CPU
		{3B16C19C-4B3A-45F3-97E4-8130641DE4AF}.Debug|Any CPU.ActiveCfg = Debug|Any CPU
		{3B16C19C-4B3A-45F3-97E4-8130641DE4AF}.Debug|Any CPU.Build.0 = Debug|Any CPU
		{3B16C19C-4B3A-45F3-97E4-8130641DE4AF}.Release|Any CPU.ActiveCfg = Release|Any CPU
		{3B16C19C-4B3A-45F3-97E4-8130641DE4AF}.Release|Any CPU.Build.0 = Release|Any CPU
	EndGlobalSection
	GlobalSection(SolutionProperties) = preSolution
		HideSolutionNode = FALSE
	EndGlobalSection
	GlobalSection(ExtensibilityGlobals) = postSolution
		SolutionGuid = {09F8178F-82C5-4823-ACEE-D9F375890F4D}
	EndGlobalSection
EndGlobal
